PODS:
  - Flutter (1.0.0)
  - flutter_line_sdk (2.3.0):
    - Flutter
    - LineSDKSwift (~> 5.3)
  - LineSDKSwift (5.4.0):
    - LineSDKSwift/Core (= 5.4.0)
  - LineSDKSwift/Core (5.4.0)

DEPENDENCIES:
  - Flutter (from `Flutter`)
  - flutter_line_sdk (from `.symlinks/plugins/flutter_line_sdk/ios`)

SPEC REPOS:
  trunk:
    - LineSDKSwift

EXTERNAL SOURCES:
  Flutter:
    :path: Flutter
  flutter_line_sdk:
    :path: ".symlinks/plugins/flutter_line_sdk/ios"

SPEC CHECKSUMS:
  Flutter: f04841e97a9d0b0a8025694d0796dd46242b2854
  flutter_line_sdk: ffbd219457120ca500b4fba2a5fd818dee21a17a
  LineSDKSwift: 25bc89f5f08578a39ec2dcb36ee58e2f920e893c

PODFILE CHECKSUM: f16cee13212746272bf6b0bb111e74a51363cd78

COCOAPODS: 1.11.3
