PODS:
  - Flutter (1.0.0)
  - flutter_line_sdk (2.2.0):
    - Flutter
    - LineSDKSwift (~> 5.3)
  - LineSDKSwift (5.4.0):
    - LineSDKSwift/Core (= 5.4.0)
  - LineSDKSwift/Core (5.4.0)

DEPENDENCIES:
  - Flutter (from `Flutter`)
  - flutter_line_sdk (from `.symlinks/plugins/flutter_line_sdk/ios`)

SPEC REPOS:
  trunk:
    - LineSDKSwift

EXTERNAL SOURCES:
  Flutter:
    :path: Flutter
  flutter_line_sdk:
    :path: ".symlinks/plugins/flutter_line_sdk/ios"

SPEC CHECKSUMS:
  Flutter: 50d75fe2f02b26cc09d224853bb45737f8b3214a
  flutter_line_sdk: d944c3907ef53be11ac5bf2484f87df93eb5b39c
  LineSDKSwift: 25bc89f5f08578a39ec2dcb36ee58e2f920e893c

PODFILE CHECKSUM: 628f05138fa875fe4a59479268281b523935e3b2

COCOAPODS: 1.11.3
