{
  "originHash" : "62ea3c2a093b77c30b11fa3ddda37f4b73db1f11c80c9c10c9cc2f549f47bb00",
  "pins" : [
    {
      "identity" : "line-sdk-ios-swift",
      "kind" : "remoteSourceControl",
      "location" : "https://github.com/line/line-sdk-ios-swift.git",
      "state" : {
        "revision" : "a30eddfb106522576421675c4d458c98abf0e7d4",
        "version" : "5.12.0"
      }
    }
  ],
  "version" : 3
}
