{
  "pins" : [
    {
      "identity" : "line-sdk-ios-swift",
      "kind" : "remoteSourceControl",
      "location" : "https://github.com/line/line-sdk-ios-swift.git",
      "state" : {
        "revision" : "230d05aab8ae48b6eeb893b9f257d7f5095d3352",
        "version" : "5.17.0"
      }
    }
  ],
  "version" : 2
}
